
Microsoft Visual Studio Solution File, Format Version 12.00
# Visual Studio 14
VisualStudioVersion = 14.0.25420.1
MinimumVisualStudioVersion = 10.0.40219.1
Project("{FAE04EC0-301F-11D3-BF4B-00C04F79EFBC}") = "FiboFinder", "FiboFinder\FiboFinder.csproj", "{A6E22DF7-3004-499A-990F-50C36EBF0A47}"
EndProject
Project("{54435603-DBB4-11D2-8724-00A0C9A8B90C}") = "FiboIntaller", "FiboIntaller\FiboIntaller.vdproj", "{33849B94-A6E0-49C5-947F-5E15DA82DE6A}"
EndProject
Global
	GlobalSection(SolutionConfigurationPlatforms) = preSolution
		Debug|Any CPU = Debug|Any CPU
		Release|Any CPU = Release|Any CPU
	EndGlobalSection
	GlobalSection(ProjectConfigurationPlatforms) = postSolution
		{A6E22DF7-3004-499A-990F-50C36EBF0A47}.Debug|Any CPU.ActiveCfg = Debug|Any CPU
		{A6E22DF7-3004-499A-990F-50C36EBF0A47}.Debug|Any CPU.Build.0 = Debug|Any CPU
		{A6E22DF7-3004-499A-990F-50C36EBF0A47}.Release|Any CPU.ActiveCfg = Release|Any CPU
		{A6E22DF7-3004-499A-990F-50C36EBF0A47}.Release|Any CPU.Build.0 = Release|Any CPU
		{33849B94-A6E0-49C5-947F-5E15DA82DE6A}.Debug|Any CPU.ActiveCfg = Debug
		{33849B94-A6E0-49C5-947F-5E15DA82DE6A}.Release|Any CPU.ActiveCfg = Release
	EndGlobalSection
	GlobalSection(SolutionProperties) = preSolution
		HideSolutionNode = FALSE
	EndGlobalSection
EndGlobal
